<?xml version="1.0" encoding="utf-8"?>
<Project ToolsVersion="4.0" xmlns="http://schemas.microsoft.com/developer/msbuild/2003">
  <ItemGroup>
    <Filter Include="Source Files">
      <UniqueIdentifier>{4FC737F1-C7A5-4376-A066-2A32D752A2FF}</UniqueIdentifier>
      <Extensions>cpp;c;cc;cxx;c++;cppm;ixx;def;odl;idl;hpj;bat;asm;asmx</Extensions>
    </Filter>
    <Filter Include="Header Files">
      <UniqueIdentifier>{93995380-89BD-4b04-88EB-625FBE52EBFB}</UniqueIdentifier>
      <Extensions>h;hh;hpp;hxx;h++;hm;inl;inc;ipp;xsd</Extensions>
    </Filter>
    <Filter Include="Resource Files">
      <UniqueIdentifier>{67DA6AB6-F800-4c08-8B7A-83BB121AAD01}</UniqueIdentifier>
      <Extensions>rc;ico;cur;bmp;dlg;rc2;rct;bin;rgs;gif;jpg;jpeg;jpe;resx;tiff;tif;png;wav;mfcribbon-ms</Extensions>
    </Filter>
  </ItemGroup>
  <ItemGroup>
    <ClCompile Include="Detector.cpp">
      <Filter>Source Files</Filter>
    </ClCompile>
    <ClCompile Include="ROIController.cpp">
      <Filter>Source Files</Filter>
    </ClCompile>
    <ClCompile Include="FieldTracker.cpp">
      <Filter>Source Files</Filter>
    </ClCompile>
    <ClCompile Include="FPS.cpp">
      <Filter>Source Files</Filter>
    </ClCompile>
    <ClCompile Include="PlayerROIs.cpp">
      <Filter>Source Files</Filter>
    </ClCompile>
    <ClCompile Include="NextTracker.cpp">
      <Filter>Source Files</Filter>
    </ClCompile>
    <ClCompile Include="ScoreXTracker.cpp">
      <Filter>Source Files</Filter>
    </ClCompile>
    <ClCompile Include="StateController.cpp">
      <Filter>Source Files</Filter>
    </ClCompile>
    <ClCompile Include="GreenScreen.cpp">
      <Filter>Source Files</Filter>
    </ClCompile>
    <ClCompile Include="CountField.cpp">
      <Filter>Source Files</Filter>
    </ClCompile>
  </ItemGroup>
  <ItemGroup>
    <ClInclude Include="ROIController.h">
      <Filter>Header Files</Filter>
    </ClInclude>
    <ClInclude Include="FieldTracker.h">
      <Filter>Header Files</Filter>
    </ClInclude>
    <ClInclude Include="FPS.h">
      <Filter>Header Files</Filter>
    </ClInclude>
    <ClInclude Include="PlayerROIs.h">
      <Filter>Header Files</Filter>
    </ClInclude>
    <ClInclude Include="Constants.h">
      <Filter>Header Files</Filter>
    </ClInclude>
    <ClInclude Include="NextTracker.h">
      <Filter>Header Files</Filter>
    </ClInclude>
    <ClInclude Include="ScoreXTracker.h">
      <Filter>Header Files</Filter>
    </ClInclude>
    <ClInclude Include="StateController.h">
      <Filter>Header Files</Filter>
    </ClInclude>
    <ClInclude Include="GreenScreen.h">
      <Filter>Header Files</Filter>
    </ClInclude>
    <ClInclude Include="CountField.h">
      <Filter>Header Files</Filter>
    </ClInclude>
  </ItemGroup>
  <ItemGroup>
    <CopyFileToFolders Include="puyo-mlp-gpu.onnx">
      <Filter>Source Files</Filter>
    </CopyFileToFolders>
    <CopyFileToFolders Include="settings.json">
      <Filter>Source Files</Filter>
    </CopyFileToFolders>
    <CopyFileToFolders Include="score-x-template.png">
      <Filter>Source Files</Filter>
    </CopyFileToFolders>
  </ItemGroup>
</Project>